
Microsoft Visual Studio Solution File, Format Version 12.00
# Visual Studio Version 16
VisualStudioVersion = 16.0.34114.132
MinimumVisualStudioVersion = 10.0.40219.1
Project("{8BC9CEB8-8B4A-11D0-8D11-00A0C91BC942}") = "Game Engine", "Game Engine\Game Engine.vcxproj", "{CAAE7D9A-7439-4C81-9CE7-2F1CAB34A53E}"
EndProject
Global
	GlobalSection(SolutionConfigurationPlatforms) = preSolution
		Debug|x64 = Debug|x64
		Debug|x86 = Debug|x86
		Release|x64 = Release|x64
		Release|x86 = Release|x86
	EndGlobalSection
	GlobalSection(ProjectConfigurationPlatforms) = postSolution
		{CAAE7D9A-7439-4C81-9CE7-2F1CAB34A53E}.Debug|x64.ActiveCfg = Debug|x64
		{CAAE7D9A-7439-4C81-9CE7-2F1CAB34A53E}.Debug|x64.Build.0 = Debug|x64
		{CAAE7D9A-7439-4C81-9CE7-2F1CAB34A53E}.Debug|x86.ActiveCfg = Debug|Win32
		{CAAE7D9A-7439-4C81-9CE7-2F1CAB34A53E}.Debug|x86.Build.0 = Debug|Win32
		{CAAE7D9A-7439-4C81-9CE7-2F1CAB34A53E}.Release|x64.ActiveCfg = Release|x64
		{CAAE7D9A-7439-4C81-9CE7-2F1CAB34A53E}.Release|x64.Build.0 = Release|x64
		{CAAE7D9A-7439-4C81-9CE7-2F1CAB34A53E}.Release|x86.ActiveCfg = Release|Win32
		{CAAE7D9A-7439-4C81-9CE7-2F1CAB34A53E}.Release|x86.Build.0 = Release|Win32
	EndGlobalSection
	GlobalSection(SolutionProperties) = preSolution
		HideSolutionNode = FALSE
	EndGlobalSection
	GlobalSection(ExtensibilityGlobals) = postSolution
		SolutionGuid = {1EF86789-E5D1-4449-9C3C-612AEAB73EE6}
	EndGlobalSection
EndGlobal
